{
  "originHash" : "a9227a19d0ebc7b81411479e4c3f0aff666b07b54cfb11db131344ac551e1c86",
  "pins" : [
    {
      "identity" : "csv.swift",
      "kind" : "remoteSourceControl",
      "location" : "https://github.com/yaslab/CSV.swift.git",
      "state" : {
        "revision" : "b4371dc833ba22ab6ead90fb63d267c3cf9ce773",
        "version" : "2.5.2"
      }
    },
    {
      "identity" : "filekit",
      "kind" : "remoteSourceControl",
      "location" : "https://github.com/nvzqz/FileKit.git",
      "state" : {
        "revision" : "9006d2888025fbe893c3c396327b2fe45a8c177b",
        "version" : "6.1.0"
      }
    },
    {
      "identity" : "localizablestringstools",
      "kind" : "remoteSourceControl",
      "location" : "https://github.com/CodeOcenS/LocalizableStringsTools.git",
      "state" : {
        "revision" : "37e5e9577d3e78c587d1b1e53d3a7f0e50d19a38",
        "version" : "1.0.2"
      }
    }
  ],
  "version" : 3
}
