{
  "originHash" : "d9027a16ec4ad0fb1650f8a8b45a8ed270b7418a5c03107a0ee2c4886be3ab7b",
  "pins" : [
    {
      "identity" : "csv.swift",
      "kind" : "remoteSourceControl",
      "location" : "https://github.com/yaslab/CSV.swift.git",
      "state" : {
        "revision" : "b4371dc833ba22ab6ead90fb63d267c3cf9ce773",
        "version" : "2.5.2"
      }
    },
    {
      "identity" : "filekit",
      "kind" : "remoteSourceControl",
      "location" : "https://github.com/nvzqz/FileKit.git",
      "state" : {
        "revision" : "9006d2888025fbe893c3c396327b2fe45a8c177b",
        "version" : "6.1.0"
      }
    }
  ],
  "version" : 3
}
